{
  "originHash" : "204f6b8c07a621bed39639807e211b6655d51e958007f20353c127231cf81af3",
  "pins" : [
    {
      "identity" : "forgecore",
      "kind" : "remoteSourceControl",
      "location" : "https://github.com/stefanprojchev/ForgeCore.git",
      "state" : {
        "revision" : "fdcfa42a8b7eb8251cdb39c864894f630ae5b4f3",
        "version" : "1.0.0"
      }
    },
    {
      "identity" : "grdb.swift",
      "kind" : "remoteSourceControl",
      "location" : "https://github.com/groue/GRDB.swift.git",
      "state" : {
        "revision" : "36e30a6f1ef10e4194f6af0cff90888526f0c115",
        "version" : "7.10.0"
      }
    }
  ],
  "version" : 3
}
